<?xml version="1.0" encoding="utf-8"?>
<Project ToolsVersion="4.0" xmlns="http://schemas.microsoft.com/developer/msbuild/2003">
  <ItemGroup>
    <Filter Include="源文件">
      <UniqueIdentifier>{4FC737F1-C7A5-4376-A066-2A32D752A2FF}</UniqueIdentifier>
      <Extensions>cpp;c;cc;cxx;def;odl;idl;hpj;bat;asm;asmx</Extensions>
    </Filter>
    <Filter Include="头文件">
      <UniqueIdentifier>{93995380-89BD-4b04-88EB-625FBE52EBFB}</UniqueIdentifier>
      <Extensions>h;hpp;hxx;hm;inl;inc;xsd</Extensions>
    </Filter>
    <Filter Include="资源文件">
      <UniqueIdentifier>{67DA6AB6-F800-4c08-8B7A-83BB121AAD01}</UniqueIdentifier>
      <Extensions>rc;ico;cur;bmp;dlg;rc2;rct;bin;rgs;gif;jpg;jpeg;jpe;resx;tiff;tif;png;wav;mfcribbon-ms</Extensions>
    </Filter>
  </ItemGroup>
  <ItemGroup>
    <ClInclude Include="d3dUtility.h">
      <Filter>头文件</Filter>
    </ClInclude>
    <ClInclude Include="IrisBitmap.h">
      <Filter>头文件</Filter>
    </ClInclude>
    <ClInclude Include="IrisColor.h">
      <Filter>头文件</Filter>
    </ClInclude>
    <ClInclude Include="IrisFont.h">
      <Filter>头文件</Filter>
    </ClInclude>
    <ClInclude Include="IrisPlane.h">
      <Filter>头文件</Filter>
    </ClInclude>
    <ClInclude Include="IrisRect.h">
      <Filter>头文件</Filter>
    </ClInclude>
    <ClInclude Include="IrisSprite.h">
      <Filter>头文件</Filter>
    </ClInclude>
    <ClInclude Include="IrisTilemap.h">
      <Filter>头文件</Filter>
    </ClInclude>
    <ClInclude Include="IrisTone.h">
      <Filter>头文件</Filter>
    </ClInclude>
    <ClInclude Include="IrisViewport.h">
      <Filter>头文件</Filter>
    </ClInclude>
    <ClInclude Include="IrisWindow.h">
      <Filter>头文件</Filter>
    </ClInclude>
    <ClInclude Include="ModuleIrisAudio.h">
      <Filter>头文件</Filter>
    </ClInclude>
    <ClInclude Include="ModuleIrisGraphics.h">
      <Filter>头文件</Filter>
    </ClInclude>
    <ClInclude Include="ModuleIrisInput.h">
      <Filter>头文件</Filter>
    </ClInclude>
    <ClInclude Include="resource.h">
      <Filter>头文件</Filter>
    </ClInclude>
  </ItemGroup>
  <ItemGroup>
    <ClCompile Include="D3D Init.cpp">
      <Filter>源文件</Filter>
    </ClCompile>
    <ClCompile Include="d3dUtility.cpp">
      <Filter>源文件</Filter>
    </ClCompile>
    <ClCompile Include="IrisBitmap.cpp">
      <Filter>源文件</Filter>
    </ClCompile>
    <ClCompile Include="IrisColor.cpp">
      <Filter>源文件</Filter>
    </ClCompile>
    <ClCompile Include="IrisFont.cpp">
      <Filter>源文件</Filter>
    </ClCompile>
    <ClCompile Include="IrisPlane.cpp">
      <Filter>源文件</Filter>
    </ClCompile>
    <ClCompile Include="IrisRect.cpp">
      <Filter>源文件</Filter>
    </ClCompile>
    <ClCompile Include="IrisSprite.cpp">
      <Filter>源文件</Filter>
    </ClCompile>
    <ClCompile Include="IrisTilemap.cpp">
      <Filter>源文件</Filter>
    </ClCompile>
    <ClCompile Include="IrisTone.cpp">
      <Filter>源文件</Filter>
    </ClCompile>
    <ClCompile Include="IrisViewport.cpp">
      <Filter>源文件</Filter>
    </ClCompile>
    <ClCompile Include="IrisWindow.cpp">
      <Filter>源文件</Filter>
    </ClCompile>
    <ClCompile Include="ModuleIrisAudio.cpp">
      <Filter>源文件</Filter>
    </ClCompile>
    <ClCompile Include="ModuleIrisGraphics.cpp">
      <Filter>源文件</Filter>
    </ClCompile>
    <ClCompile Include="ModuleIrisInput.cpp">
      <Filter>源文件</Filter>
    </ClCompile>
  </ItemGroup>
</Project>